
Microsoft Visual Studio Solution File, Format Version 12.00
# Visual Studio Version 16
VisualStudioVersion = 16.0.29519.87
MinimumVisualStudioVersion = 10.0.40219.1
Project("{FAE04EC0-301F-11D3-BF4B-00C04F79EFBC}") = "Autoclicker", "Autoclicker.csproj", "{C39071BB-A01B-443C-991A-50815584499F}"
EndProject
Global
	GlobalSection(SolutionConfigurationPlatforms) = preSolution
		Debug|Any CPU = Debug|Any CPU
		Release|Any CPU = Release|Any CPU
	EndGlobalSection
	GlobalSection(ProjectConfigurationPlatforms) = postSolution
		{C39071BB-A01B-443C-991A-50815584499F}.Debug|Any CPU.ActiveCfg = Debug|Any CPU
		{C39071BB-A01B-443C-991A-50815584499F}.Debug|Any CPU.Build.0 = Debug|Any CPU
		{C39071BB-A01B-443C-991A-50815584499F}.Release|Any CPU.ActiveCfg = Release|Any CPU
		{C39071BB-A01B-443C-991A-50815584499F}.Release|Any CPU.Build.0 = Release|Any CPU
	EndGlobalSection
	GlobalSection(SolutionProperties) = preSolution
		HideSolutionNode = FALSE
	EndGlobalSection
	GlobalSection(ExtensibilityGlobals) = postSolution
		SolutionGuid = {A1ADF2EE-7473-4E85-B787-F4493336F152}
	EndGlobalSection
EndGlobal
